// !$*UTF8*$!
{
	archiveVersion = 1;
	classes = {
	};
	objectVersion = 56;
	objects = {

/* Begin PBXBuildFile section */
		A902205E2A8537170016E00D /* ImportPlaylistView.swift in Sources */ = {isa = PBXBuildFile; fileRef = A902205D2A8537170016E00D /* ImportPlaylistView.swift */; };
		A90D569F2A8FF021006E9E41 /* HTTPTypes in Frameworks */ = {isa = PBXBuildFile; productRef = A90D569E2A8FF021006E9E41 /* HTTPTypes */; };
		A90D56A12A8FF021006E9E41 /* HTTPTypesFoundation in Frameworks */ = {isa = PBXBuildFile; productRef = A90D56A02A8FF021006E9E41 /* HTTPTypesFoundation */; };
		A9134E042A73EA0E00968834 /* MainView.swift in Sources */ = {isa = PBXBuildFile; fileRef = A9134E032A73EA0E00968834 /* MainView.swift */; };
		A9134E062A73EA8B00968834 /* SettingsView.swift in Sources */ = {isa = PBXBuildFile; fileRef = A9134E052A73EA8B00968834 /* SettingsView.swift */; };
		A9181A732A7C5C90007E3AF2 /* SpotifyClient.swift in Sources */ = {isa = PBXBuildFile; fileRef = A9181A722A7C5C90007E3AF2 /* SpotifyClient.swift */; };
		A920C8D62A758B190051DC2D /* .gitignore in Resources */ = {isa = PBXBuildFile; fileRef = A920C8D52A758B190051DC2D /* .gitignore */; };
		A94FA6922A8EA24600ADCB22 /* SongMatchPicker.swift in Sources */ = {isa = PBXBuildFile; fileRef = A94FA6912A8EA24600ADCB22 /* SongMatchPicker.swift */; };
		A998F8C12A85563600D33EDA /* PlaylistDetailWithOptionsView.swift in Sources */ = {isa = PBXBuildFile; fileRef = A998F8C02A85563600D33EDA /* PlaylistDetailWithOptionsView.swift */; };
		A9BB169F2A732A84002BCCFD /* WelcomeSheet.swift in Sources */ = {isa = PBXBuildFile; fileRef = A9BB169E2A732A84002BCCFD /* WelcomeSheet.swift */; };
		A9BB16A12A733133002BCCFD /* ProminentButtonStyle.swift in Sources */ = {isa = PBXBuildFile; fileRef = A9BB16A02A733133002BCCFD /* ProminentButtonStyle.swift */; };
		A9BB16A32A7336C8002BCCFD /* WelcomeDetailRow.swift in Sources */ = {isa = PBXBuildFile; fileRef = A9BB16A22A7336C8002BCCFD /* WelcomeDetailRow.swift */; };
		A9BC661A2A802D8F00D0646C /* PlaylistRow.swift in Sources */ = {isa = PBXBuildFile; fileRef = A9BC66192A802D8F00D0646C /* PlaylistRow.swift */; };
		A9C80A752A81D25B005C35A1 /* PlaylistDetailView.swift in Sources */ = {isa = PBXBuildFile; fileRef = A9C80A742A81D25B005C35A1 /* PlaylistDetailView.swift */; };
		A9D26CF52A84753900D2C609 /* SongRow.swift in Sources */ = {isa = PBXBuildFile; fileRef = A9D26CF42A84753900D2C609 /* SongRow.swift */; };
		A9E139992A7C3144007F2576 /* KeychainAccess in Frameworks */ = {isa = PBXBuildFile; productRef = A9E139982A7C3144007F2576 /* KeychainAccess */; };
		A9E1399B2A7C3429007F2576 /* PlaylistData.swift in Sources */ = {isa = PBXBuildFile; fileRef = A9E1399A2A7C3429007F2576 /* PlaylistData.swift */; };
		A9E1399D2A7C35A2007F2576 /* ImportSpotifyPlaylistSheet.swift in Sources */ = {isa = PBXBuildFile; fileRef = A9E1399C2A7C35A2007F2576 /* ImportSpotifyPlaylistSheet.swift */; };
		A9E43E6B2A72EF5F00E8B18F /* SongData.swift in Sources */ = {isa = PBXBuildFile; fileRef = A9E43E6A2A72EF5F00E8B18F /* SongData.swift */; };
		A9EECB002A86DDF200C516CB /* AppleMusicClient.swift in Sources */ = {isa = PBXBuildFile; fileRef = A9EECAFF2A86DDF200C516CB /* AppleMusicClient.swift */; };
		A9EECB022A86EA2800C516CB /* ConfirmAMTransferPlaylistSheet.swift in Sources */ = {isa = PBXBuildFile; fileRef = A9EECB012A86EA2800C516CB /* ConfirmAMTransferPlaylistSheet.swift */; };
		A9EECB042A86EED000C516CB /* SongMatchView.swift in Sources */ = {isa = PBXBuildFile; fileRef = A9EECB032A86EED000C516CB /* SongMatchView.swift */; };
		A9F3EAF52AA2CC9D003552D3 /* ImportApplePlaylistSheet.swift in Sources */ = {isa = PBXBuildFile; fileRef = A9F3EAF42AA2CC9D003552D3 /* ImportApplePlaylistSheet.swift */; };
		A9FB14E52AA3B9F90098306C /* SourceMenuView.swift in Sources */ = {isa = PBXBuildFile; fileRef = A9FB14E42AA3B9F90098306C /* SourceMenuView.swift */; };
		A9FB14E72AA3BCAB0098306C /* UserSettings.swift in Sources */ = {isa = PBXBuildFile; fileRef = A9FB14E62AA3BCAB0098306C /* UserSettings.swift */; };
		A9FC2E412A72ED06009F2BE4 /* SimpleMusicApp.swift in Sources */ = {isa = PBXBuildFile; fileRef = A9FC2E402A72ED06009F2BE4 /* SimpleMusicApp.swift */; };
		A9FC2E432A72ED06009F2BE4 /* ContentView.swift in Sources */ = {isa = PBXBuildFile; fileRef = A9FC2E422A72ED06009F2BE4 /* ContentView.swift */; };
		A9FC2E472A72ED08009F2BE4 /* Assets.xcassets in Resources */ = {isa = PBXBuildFile; fileRef = A9FC2E462A72ED08009F2BE4 /* Assets.xcassets */; };
		A9FC2E4A2A72ED08009F2BE4 /* Preview Assets.xcassets in Resources */ = {isa = PBXBuildFile; fileRef = A9FC2E492A72ED08009F2BE4 /* Preview Assets.xcassets */; };
/* End PBXBuildFile section */

/* Begin PBXFileReference section */
		A902205D2A8537170016E00D /* ImportPlaylistView.swift */ = {isa = PBXFileReference; lastKnownFileType = sourcecode.swift; path = ImportPlaylistView.swift; sourceTree = "<group>"; };
		A9134E032A73EA0E00968834 /* MainView.swift */ = {isa = PBXFileReference; lastKnownFileType = sourcecode.swift; path = MainView.swift; sourceTree = "<group>"; };
		A9134E052A73EA8B00968834 /* SettingsView.swift */ = {isa = PBXFileReference; lastKnownFileType = sourcecode.swift; path = SettingsView.swift; sourceTree = "<group>"; };
		A9181A722A7C5C90007E3AF2 /* SpotifyClient.swift */ = {isa = PBXFileReference; lastKnownFileType = sourcecode.swift; path = SpotifyClient.swift; sourceTree = "<group>"; };
		A9181A742A7C5EB5007E3AF2 /* Config.xcconfig */ = {isa = PBXFileReference; lastKnownFileType = text.xcconfig; path = Config.xcconfig; sourceTree = "<group>"; };
		A920C8D52A758B190051DC2D /* .gitignore */ = {isa = PBXFileReference; lastKnownFileType = text; path = .gitignore; sourceTree = "<group>"; };
		A94FA6912A8EA24600ADCB22 /* SongMatchPicker.swift */ = {isa = PBXFileReference; lastKnownFileType = sourcecode.swift; path = SongMatchPicker.swift; sourceTree = "<group>"; };
		A998F8C02A85563600D33EDA /* PlaylistDetailWithOptionsView.swift */ = {isa = PBXFileReference; lastKnownFileType = sourcecode.swift; path = PlaylistDetailWithOptionsView.swift; sourceTree = "<group>"; };
		A9BB169D2A730DB5002BCCFD /* Info.plist */ = {isa = PBXFileReference; lastKnownFileType = text.plist.xml; name = Info.plist; path = SimpleMusic/Info.plist; sourceTree = SOURCE_ROOT; };
		A9BB169E2A732A84002BCCFD /* WelcomeSheet.swift */ = {isa = PBXFileReference; lastKnownFileType = sourcecode.swift; path = WelcomeSheet.swift; sourceTree = "<group>"; };
		A9BB16A02A733133002BCCFD /* ProminentButtonStyle.swift */ = {isa = PBXFileReference; lastKnownFileType = sourcecode.swift; path = ProminentButtonStyle.swift; sourceTree = "<group>"; };
		A9BB16A22A7336C8002BCCFD /* WelcomeDetailRow.swift */ = {isa = PBXFileReference; lastKnownFileType = sourcecode.swift; path = WelcomeDetailRow.swift; sourceTree = "<group>"; };
		A9BC66192A802D8F00D0646C /* PlaylistRow.swift */ = {isa = PBXFileReference; lastKnownFileType = sourcecode.swift; path = PlaylistRow.swift; sourceTree = "<group>"; };
		A9C80A742A81D25B005C35A1 /* PlaylistDetailView.swift */ = {isa = PBXFileReference; lastKnownFileType = sourcecode.swift; path = PlaylistDetailView.swift; sourceTree = "<group>"; };
		A9D26CF42A84753900D2C609 /* SongRow.swift */ = {isa = PBXFileReference; lastKnownFileType = sourcecode.swift; path = SongRow.swift; sourceTree = "<group>"; };
		A9E1399A2A7C3429007F2576 /* PlaylistData.swift */ = {isa = PBXFileReference; lastKnownFileType = sourcecode.swift; path = PlaylistData.swift; sourceTree = "<group>"; };
		A9E1399C2A7C35A2007F2576 /* ImportSpotifyPlaylistSheet.swift */ = {isa = PBXFileReference; lastKnownFileType = sourcecode.swift; path = ImportSpotifyPlaylistSheet.swift; sourceTree = "<group>"; };
		A9E43E6A2A72EF5F00E8B18F /* SongData.swift */ = {isa = PBXFileReference; lastKnownFileType = sourcecode.swift; path = SongData.swift; sourceTree = "<group>"; };
		A9EECAFF2A86DDF200C516CB /* AppleMusicClient.swift */ = {isa = PBXFileReference; lastKnownFileType = sourcecode.swift; path = AppleMusicClient.swift; sourceTree = "<group>"; };
		A9EECB012A86EA2800C516CB /* ConfirmAMTransferPlaylistSheet.swift */ = {isa = PBXFileReference; lastKnownFileType = sourcecode.swift; path = ConfirmAMTransferPlaylistSheet.swift; sourceTree = "<group>"; };
		A9EECB032A86EED000C516CB /* SongMatchView.swift */ = {isa = PBXFileReference; lastKnownFileType = sourcecode.swift; path = SongMatchView.swift; sourceTree = "<group>"; };
		A9F3EAF42AA2CC9D003552D3 /* ImportApplePlaylistSheet.swift */ = {isa = PBXFileReference; lastKnownFileType = sourcecode.swift; path = ImportApplePlaylistSheet.swift; sourceTree = "<group>"; };
		A9FB14E42AA3B9F90098306C /* SourceMenuView.swift */ = {isa = PBXFileReference; lastKnownFileType = sourcecode.swift; path = SourceMenuView.swift; sourceTree = "<group>"; };
		A9FB14E62AA3BCAB0098306C /* UserSettings.swift */ = {isa = PBXFileReference; lastKnownFileType = sourcecode.swift; path = UserSettings.swift; sourceTree = "<group>"; };
		A9FC2E3D2A72ED06009F2BE4 /* SimpleMusic.app */ = {isa = PBXFileReference; explicitFileType = wrapper.application; includeInIndex = 0; path = SimpleMusic.app; sourceTree = BUILT_PRODUCTS_DIR; };
		A9FC2E402A72ED06009F2BE4 /* SimpleMusicApp.swift */ = {isa = PBXFileReference; lastKnownFileType = sourcecode.swift; path = SimpleMusicApp.swift; sourceTree = "<group>"; };
		A9FC2E422A72ED06009F2BE4 /* ContentView.swift */ = {isa = PBXFileReference; lastKnownFileType = sourcecode.swift; path = ContentView.swift; sourceTree = "<group>"; };
		A9FC2E462A72ED08009F2BE4 /* Assets.xcassets */ = {isa = PBXFileReference; lastKnownFileType = folder.assetcatalog; path = Assets.xcassets; sourceTree = "<group>"; };
		A9FC2E492A72ED08009F2BE4 /* Preview Assets.xcassets */ = {isa = PBXFileReference; lastKnownFileType = folder.assetcatalog; path = "Preview Assets.xcassets"; sourceTree = "<group>"; };
/* End PBXFileReference section */

/* Begin PBXFrameworksBuildPhase section */
		A9FC2E3A2A72ED06009F2BE4 /* Frameworks */ = {
			isa = PBXFrameworksBuildPhase;
			buildActionMask = 2147483647;
			files = (
				A90D569F2A8FF021006E9E41 /* HTTPTypes in Frameworks */,
				A90D56A12A8FF021006E9E41 /* HTTPTypesFoundation in Frameworks */,
				A9E139992A7C3144007F2576 /* KeychainAccess in Frameworks */,
			);
			runOnlyForDeploymentPostprocessing = 0;
		};
/* End PBXFrameworksBuildPhase section */

/* Begin PBXGroup section */
		A9E32EC02A7EF59000BF02AD /* Models */ = {
			isa = PBXGroup;
			children = (
				A9E43E6A2A72EF5F00E8B18F /* SongData.swift */,
				A9E1399A2A7C3429007F2576 /* PlaylistData.swift */,
				A9FB14E62AA3BCAB0098306C /* UserSettings.swift */,
			);
			path = Models;
			sourceTree = "<group>";
		};
		A9E32EC12A7EF59A00BF02AD /* Views */ = {
			isa = PBXGroup;
			children = (
				A9FC2E402A72ED06009F2BE4 /* SimpleMusicApp.swift */,
				A9FC2E422A72ED06009F2BE4 /* ContentView.swift */,
				A9E1399C2A7C35A2007F2576 /* ImportSpotifyPlaylistSheet.swift */,
				A9F3EAF42AA2CC9D003552D3 /* ImportApplePlaylistSheet.swift */,
				A9FB14E42AA3B9F90098306C /* SourceMenuView.swift */,
				A902205D2A8537170016E00D /* ImportPlaylistView.swift */,
				A9C80A742A81D25B005C35A1 /* PlaylistDetailView.swift */,
				A998F8C02A85563600D33EDA /* PlaylistDetailWithOptionsView.swift */,
				A9EECB012A86EA2800C516CB /* ConfirmAMTransferPlaylistSheet.swift */,
				A9EECB032A86EED000C516CB /* SongMatchView.swift */,
				A94FA6912A8EA24600ADCB22 /* SongMatchPicker.swift */,
				A9BC66192A802D8F00D0646C /* PlaylistRow.swift */,
				A9D26CF42A84753900D2C609 /* SongRow.swift */,
				A9134E032A73EA0E00968834 /* MainView.swift */,
				A9134E052A73EA8B00968834 /* SettingsView.swift */,
				A9BB169E2A732A84002BCCFD /* WelcomeSheet.swift */,
				A9BB16A22A7336C8002BCCFD /* WelcomeDetailRow.swift */,
			);
			path = Views;
			sourceTree = "<group>";
		};
		A9E32EC22A7EF5A800BF02AD /* Utils */ = {
			isa = PBXGroup;
			children = (
				A9181A722A7C5C90007E3AF2 /* SpotifyClient.swift */,
				A9EECAFF2A86DDF200C516CB /* AppleMusicClient.swift */,
				A9BB16A02A733133002BCCFD /* ProminentButtonStyle.swift */,
			);
			path = Utils;
			sourceTree = "<group>";
		};
		A9FC2E342A72ED06009F2BE4 = {
			isa = PBXGroup;
			children = (
				A920C8D52A758B190051DC2D /* .gitignore */,
				A9FC2E3F2A72ED06009F2BE4 /* SimpleMusic */,
				A9FC2E3E2A72ED06009F2BE4 /* Products */,
			);
			sourceTree = "<group>";
		};
		A9FC2E3E2A72ED06009F2BE4 /* Products */ = {
			isa = PBXGroup;
			children = (
				A9FC2E3D2A72ED06009F2BE4 /* SimpleMusic.app */,
			);
			name = Products;
			sourceTree = "<group>";
		};
		A9FC2E3F2A72ED06009F2BE4 /* SimpleMusic */ = {
			isa = PBXGroup;
			children = (
				A9BB169D2A730DB5002BCCFD /* Info.plist */,
				A9181A742A7C5EB5007E3AF2 /* Config.xcconfig */,
				A9E32EC22A7EF5A800BF02AD /* Utils */,
				A9E32EC12A7EF59A00BF02AD /* Views */,
				A9E32EC02A7EF59000BF02AD /* Models */,
				A9FC2E462A72ED08009F2BE4 /* Assets.xcassets */,
				A9FC2E482A72ED08009F2BE4 /* Preview Content */,
			);
			path = SimpleMusic;
			sourceTree = "<group>";
		};
		A9FC2E482A72ED08009F2BE4 /* Preview Content */ = {
			isa = PBXGroup;
			children = (
				A9FC2E492A72ED08009F2BE4 /* Preview Assets.xcassets */,
			);
			path = "Preview Content";
			sourceTree = "<group>";
		};
/* End PBXGroup section */

/* Begin PBXNativeTarget section */
		A9FC2E3C2A72ED06009F2BE4 /* SimpleMusic */ = {
			isa = PBXNativeTarget;
			buildConfigurationList = A9FC2E4D2A72ED08009F2BE4 /* Build configuration list for PBXNativeTarget "SimpleMusic" */;
			buildPhases = (
				A9FC2E392A72ED06009F2BE4 /* Sources */,
				A9FC2E3A2A72ED06009F2BE4 /* Frameworks */,
				A9FC2E3B2A72ED06009F2BE4 /* Resources */,
			);
			buildRules = (
			);
			dependencies = (
			);
			name = SimpleMusic;
			packageProductDependencies = (
				A9E139982A7C3144007F2576 /* KeychainAccess */,
				A90D569E2A8FF021006E9E41 /* HTTPTypes */,
				A90D56A02A8FF021006E9E41 /* HTTPTypesFoundation */,
			);
			productName = SimpleMusic;
			productReference = A9FC2E3D2A72ED06009F2BE4 /* SimpleMusic.app */;
			productType = "com.apple.product-type.application";
		};
/* End PBXNativeTarget section */

/* Begin PBXProject section */
		A9FC2E352A72ED06009F2BE4 /* Project object */ = {
			isa = PBXProject;
			attributes = {
				BuildIndependentTargetsInParallel = 1;
				LastSwiftUpdateCheck = 1500;
				LastUpgradeCheck = 1500;
				TargetAttributes = {
					A9FC2E3C2A72ED06009F2BE4 = {
						CreatedOnToolsVersion = 15.0;
					};
				};
			};
			buildConfigurationList = A9FC2E382A72ED06009F2BE4 /* Build configuration list for PBXProject "SimpleMusic" */;
			compatibilityVersion = "Xcode 14.0";
			developmentRegion = en;
			hasScannedForEncodings = 0;
			knownRegions = (
				en,
				Base,
			);
			mainGroup = A9FC2E342A72ED06009F2BE4;
			packageReferences = (
				A9E139972A7C3144007F2576 /* XCRemoteSwiftPackageReference "KeychainAccess" */,
				A90D569D2A8FF021006E9E41 /* XCRemoteSwiftPackageReference "swift-http-types" */,
			);
			productRefGroup = A9FC2E3E2A72ED06009F2BE4 /* Products */;
			projectDirPath = "";
			projectRoot = "";
			targets = (
				A9FC2E3C2A72ED06009F2BE4 /* SimpleMusic */,
			);
		};
/* End PBXProject section */

/* Begin PBXResourcesBuildPhase section */
		A9FC2E3B2A72ED06009F2BE4 /* Resources */ = {
			isa = PBXResourcesBuildPhase;
			buildActionMask = 2147483647;
			files = (
				A9FC2E4A2A72ED08009F2BE4 /* Preview Assets.xcassets in Resources */,
				A920C8D62A758B190051DC2D /* .gitignore in Resources */,
				A9FC2E472A72ED08009F2BE4 /* Assets.xcassets in Resources */,
			);
			runOnlyForDeploymentPostprocessing = 0;
		};
/* End PBXResourcesBuildPhase section */

/* Begin PBXSourcesBuildPhase section */
		A9FC2E392A72ED06009F2BE4 /* Sources */ = {
			isa = PBXSourcesBuildPhase;
			buildActionMask = 2147483647;
			files = (
				A9BC661A2A802D8F00D0646C /* PlaylistRow.swift in Sources */,
				A9BB16A32A7336C8002BCCFD /* WelcomeDetailRow.swift in Sources */,
				A9134E042A73EA0E00968834 /* MainView.swift in Sources */,
				A9E1399B2A7C3429007F2576 /* PlaylistData.swift in Sources */,
				A9FC2E432A72ED06009F2BE4 /* ContentView.swift in Sources */,
				A9EECB042A86EED000C516CB /* SongMatchView.swift in Sources */,
				A9E43E6B2A72EF5F00E8B18F /* SongData.swift in Sources */,
				A998F8C12A85563600D33EDA /* PlaylistDetailWithOptionsView.swift in Sources */,
				A902205E2A8537170016E00D /* ImportPlaylistView.swift in Sources */,
				A9D26CF52A84753900D2C609 /* SongRow.swift in Sources */,
				A9E1399D2A7C35A2007F2576 /* ImportSpotifyPlaylistSheet.swift in Sources */,
				A9134E062A73EA8B00968834 /* SettingsView.swift in Sources */,
				A9F3EAF52AA2CC9D003552D3 /* ImportApplePlaylistSheet.swift in Sources */,
				A9BB16A12A733133002BCCFD /* ProminentButtonStyle.swift in Sources */,
				A9181A732A7C5C90007E3AF2 /* SpotifyClient.swift in Sources */,
				A9FB14E72AA3BCAB0098306C /* UserSettings.swift in Sources */,
				A94FA6922A8EA24600ADCB22 /* SongMatchPicker.swift in Sources */,
				A9C80A752A81D25B005C35A1 /* PlaylistDetailView.swift in Sources */,
				A9EECB002A86DDF200C516CB /* AppleMusicClient.swift in Sources */,
				A9EECB022A86EA2800C516CB /* ConfirmAMTransferPlaylistSheet.swift in Sources */,
				A9BB169F2A732A84002BCCFD /* WelcomeSheet.swift in Sources */,
				A9FB14E52AA3B9F90098306C /* SourceMenuView.swift in Sources */,
				A9FC2E412A72ED06009F2BE4 /* SimpleMusicApp.swift in Sources */,
			);
			runOnlyForDeploymentPostprocessing = 0;
		};
/* End PBXSourcesBuildPhase section */

/* Begin XCBuildConfiguration section */
		A9FC2E4B2A72ED08009F2BE4 /* Debug */ = {
			isa = XCBuildConfiguration;
			baseConfigurationReference = A9181A742A7C5EB5007E3AF2 /* Config.xcconfig */;
			buildSettings = {
				ALWAYS_SEARCH_USER_PATHS = NO;
				ASSETCATALOG_COMPILER_GENERATE_SWIFT_ASSET_SYMBOL_EXTENSIONS = YES;
				CLANG_ANALYZER_NONNULL = YES;
				CLANG_ANALYZER_NUMBER_OBJECT_CONVERSION = YES_AGGRESSIVE;
				CLANG_CXX_LANGUAGE_STANDARD = "gnu++20";
				CLANG_ENABLE_MODULES = YES;
				CLANG_ENABLE_OBJC_ARC = YES;
				CLANG_ENABLE_OBJC_WEAK = YES;
				CLANG_WARN_BLOCK_CAPTURE_AUTORELEASING = YES;
				CLANG_WARN_BOOL_CONVERSION = YES;
				CLANG_WARN_COMMA = YES;
				CLANG_WARN_CONSTANT_CONVERSION = YES;
				CLANG_WARN_DEPRECATED_OBJC_IMPLEMENTATIONS = YES;
				CLANG_WARN_DIRECT_OBJC_ISA_USAGE = YES_ERROR;
				CLANG_WARN_DOCUMENTATION_COMMENTS = YES;
				CLANG_WARN_EMPTY_BODY = YES;
				CLANG_WARN_ENUM_CONVERSION = YES;
				CLANG_WARN_INFINITE_RECURSION = YES;
				CLANG_WARN_INT_CONVERSION = YES;
				CLANG_WARN_NON_LITERAL_NULL_CONVERSION = YES;
				CLANG_WARN_OBJC_IMPLICIT_RETAIN_SELF = YES;
				CLANG_WARN_OBJC_LITERAL_CONVERSION = YES;
				CLANG_WARN_OBJC_ROOT_CLASS = YES_ERROR;
				CLANG_WARN_QUOTED_INCLUDE_IN_FRAMEWORK_HEADER = YES;
				CLANG_WARN_RANGE_LOOP_ANALYSIS = YES;
				CLANG_WARN_STRICT_PROTOTYPES = YES;
				CLANG_WARN_SUSPICIOUS_MOVE = YES;
				CLANG_WARN_UNGUARDED_AVAILABILITY = YES_AGGRESSIVE;
				CLANG_WARN_UNREACHABLE_CODE = YES;
				CLANG_WARN__DUPLICATE_METHOD_MATCH = YES;
				COPY_PHASE_STRIP = NO;
				DEBUG_INFORMATION_FORMAT = dwarf;
				ENABLE_STRICT_OBJC_MSGSEND = YES;
				ENABLE_TESTABILITY = YES;
				ENABLE_USER_SCRIPT_SANDBOXING = YES;
				GCC_C_LANGUAGE_STANDARD = gnu17;
				GCC_DYNAMIC_NO_PIC = NO;
				GCC_NO_COMMON_BLOCKS = YES;
				GCC_OPTIMIZATION_LEVEL = 0;
				GCC_PREPROCESSOR_DEFINITIONS = (
					"DEBUG=1",
					"$(inherited)",
				);
				GCC_WARN_64_TO_32_BIT_CONVERSION = YES;
				GCC_WARN_ABOUT_RETURN_TYPE = YES_ERROR;
				GCC_WARN_UNDECLARED_SELECTOR = YES;
				GCC_WARN_UNINITIALIZED_AUTOS = YES_AGGRESSIVE;
				GCC_WARN_UNUSED_FUNCTION = YES;
				GCC_WARN_UNUSED_VARIABLE = YES;
				IPHONEOS_DEPLOYMENT_TARGET = 17.0;
				LOCALIZATION_PREFERS_STRING_CATALOGS = YES;
				MTL_ENABLE_DEBUG_INFO = INCLUDE_SOURCE;
				MTL_FAST_MATH = YES;
				ONLY_ACTIVE_ARCH = YES;
				OTHER_LDFLAGS = "";
				SDKROOT = iphoneos;
				SWIFT_ACTIVE_COMPILATION_CONDITIONS = "DEBUG $(inherited)";
				SWIFT_OPTIMIZATION_LEVEL = "-Onone";
			};
			name = Debug;
		};
		A9FC2E4C2A72ED08009F2BE4 /* Release */ = {
			isa = XCBuildConfiguration;
			baseConfigurationReference = A9181A742A7C5EB5007E3AF2 /* Config.xcconfig */;
			buildSettings = {
				ALWAYS_SEARCH_USER_PATHS = NO;
				ASSETCATALOG_COMPILER_GENERATE_SWIFT_ASSET_SYMBOL_EXTENSIONS = YES;
				CLANG_ANALYZER_NONNULL = YES;
				CLANG_ANALYZER_NUMBER_OBJECT_CONVERSION = YES_AGGRESSIVE;
				CLANG_CXX_LANGUAGE_STANDARD = "gnu++20";
				CLANG_ENABLE_MODULES = YES;
				CLANG_ENABLE_OBJC_ARC = YES;
				CLANG_ENABLE_OBJC_WEAK = YES;
				CLANG_WARN_BLOCK_CAPTURE_AUTORELEASING = YES;
				CLANG_WARN_BOOL_CONVERSION = YES;
				CLANG_WARN_COMMA = YES;
				CLANG_WARN_CONSTANT_CONVERSION = YES;
				CLANG_WARN_DEPRECATED_OBJC_IMPLEMENTATIONS = YES;
				CLANG_WARN_DIRECT_OBJC_ISA_USAGE = YES_ERROR;
				CLANG_WARN_DOCUMENTATION_COMMENTS = YES;
				CLANG_WARN_EMPTY_BODY = YES;
				CLANG_WARN_ENUM_CONVERSION = YES;
				CLANG_WARN_INFINITE_RECURSION = YES;
				CLANG_WARN_INT_CONVERSION = YES;
				CLANG_WARN_NON_LITERAL_NULL_CONVERSION = YES;
				CLANG_WARN_OBJC_IMPLICIT_RETAIN_SELF = YES;
				CLANG_WARN_OBJC_LITERAL_CONVERSION = YES;
				CLANG_WARN_OBJC_ROOT_CLASS = YES_ERROR;
				CLANG_WARN_QUOTED_INCLUDE_IN_FRAMEWORK_HEADER = YES;
				CLANG_WARN_RANGE_LOOP_ANALYSIS = YES;
				CLANG_WARN_STRICT_PROTOTYPES = YES;
				CLANG_WARN_SUSPICIOUS_MOVE = YES;
				CLANG_WARN_UNGUARDED_AVAILABILITY = YES_AGGRESSIVE;
				CLANG_WARN_UNREACHABLE_CODE = YES;
				CLANG_WARN__DUPLICATE_METHOD_MATCH = YES;
				COPY_PHASE_STRIP = NO;
				DEBUG_INFORMATION_FORMAT = "dwarf-with-dsym";
				ENABLE_NS_ASSERTIONS = NO;
				ENABLE_STRICT_OBJC_MSGSEND = YES;
				ENABLE_USER_SCRIPT_SANDBOXING = YES;
				GCC_C_LANGUAGE_STANDARD = gnu17;
				GCC_NO_COMMON_BLOCKS = YES;
				GCC_WARN_64_TO_32_BIT_CONVERSION = YES;
				GCC_WARN_ABOUT_RETURN_TYPE = YES_ERROR;
				GCC_WARN_UNDECLARED_SELECTOR = YES;
				GCC_WARN_UNINITIALIZED_AUTOS = YES_AGGRESSIVE;
				GCC_WARN_UNUSED_FUNCTION = YES;
				GCC_WARN_UNUSED_VARIABLE = YES;
				IPHONEOS_DEPLOYMENT_TARGET = 17.0;
				LOCALIZATION_PREFERS_STRING_CATALOGS = YES;
				MTL_ENABLE_DEBUG_INFO = NO;
				MTL_FAST_MATH = YES;
				OTHER_LDFLAGS = "";
				SDKROOT = iphoneos;
				SWIFT_COMPILATION_MODE = wholemodule;
				VALIDATE_PRODUCT = YES;
			};
			name = Release;
		};
		A9FC2E4E2A72ED08009F2BE4 /* Debug */ = {
			isa = XCBuildConfiguration;
			buildSettings = {
				ASSETCATALOG_COMPILER_APPICON_NAME = AppIcon;
				ASSETCATALOG_COMPILER_GLOBAL_ACCENT_COLOR_NAME = AccentColor;
				CODE_SIGN_STYLE = Automatic;
				CURRENT_PROJECT_VERSION = 1;
				DEVELOPMENT_ASSET_PATHS = "\"SimpleMusic/Preview Content\"";
				DEVELOPMENT_TEAM = ZYQ5JDQFTR;
				ENABLE_PREVIEWS = YES;
				GENERATE_INFOPLIST_FILE = YES;
				HEADER_SEARCH_PATHS = "";
				INFOPLIST_FILE = SimpleMusic/Info.plist;
				INFOPLIST_KEY_CFBundleDisplayName = SimpleMusic;
				INFOPLIST_KEY_UIApplicationSceneManifest_Generation = YES;
				INFOPLIST_KEY_UIApplicationSupportsIndirectInputEvents = YES;
				INFOPLIST_KEY_UILaunchScreen_Generation = YES;
				INFOPLIST_KEY_UISupportedInterfaceOrientations_iPad = "UIInterfaceOrientationPortrait UIInterfaceOrientationPortraitUpsideDown UIInterfaceOrientationLandscapeLeft UIInterfaceOrientationLandscapeRight";
				INFOPLIST_KEY_UISupportedInterfaceOrientations_iPhone = "UIInterfaceOrientationPortrait UIInterfaceOrientationLandscapeLeft UIInterfaceOrientationLandscapeRight";
				LD_RUNPATH_SEARCH_PATHS = (
					"$(inherited)",
					"@executable_path/Frameworks",
				);
				MARKETING_VERSION = 1.0;
				OTHER_LDFLAGS = "";
				PRODUCT_BUNDLE_IDENTIFIER = "John-Graham.SimpleMusic";
				PRODUCT_NAME = "$(TARGET_NAME)";
				SWIFT_EMIT_LOC_STRINGS = YES;
				SWIFT_OBJC_BRIDGING_HEADER = "";
				SWIFT_VERSION = 5.0;
				TARGETED_DEVICE_FAMILY = "1,2";
			};
			name = Debug;
		};
		A9FC2E4F2A72ED08009F2BE4 /* Release */ = {
			isa = XCBuildConfiguration;
			buildSettings = {
				ASSETCATALOG_COMPILER_APPICON_NAME = AppIcon;
				ASSETCATALOG_COMPILER_GLOBAL_ACCENT_COLOR_NAME = AccentColor;
				CODE_SIGN_STYLE = Automatic;
				CURRENT_PROJECT_VERSION = 1;
				DEVELOPMENT_ASSET_PATHS = "\"SimpleMusic/Preview Content\"";
				DEVELOPMENT_TEAM = ZYQ5JDQFTR;
				ENABLE_PREVIEWS = YES;
				GENERATE_INFOPLIST_FILE = YES;
				HEADER_SEARCH_PATHS = "";
				INFOPLIST_FILE = SimpleMusic/Info.plist;
				INFOPLIST_KEY_CFBundleDisplayName = SimpleMusic;
				INFOPLIST_KEY_UIApplicationSceneManifest_Generation = YES;
				INFOPLIST_KEY_UIApplicationSupportsIndirectInputEvents = YES;
				INFOPLIST_KEY_UILaunchScreen_Generation = YES;
				INFOPLIST_KEY_UISupportedInterfaceOrientations_iPad = "UIInterfaceOrientationPortrait UIInterfaceOrientationPortraitUpsideDown UIInterfaceOrientationLandscapeLeft UIInterfaceOrientationLandscapeRight";
				INFOPLIST_KEY_UISupportedInterfaceOrientations_iPhone = "UIInterfaceOrientationPortrait UIInterfaceOrientationLandscapeLeft UIInterfaceOrientationLandscapeRight";
				LD_RUNPATH_SEARCH_PATHS = (
					"$(inherited)",
					"@executable_path/Frameworks",
				);
				MARKETING_VERSION = 1.0;
				OTHER_LDFLAGS = "";
				PRODUCT_BUNDLE_IDENTIFIER = "John-Graham.SimpleMusic";
				PRODUCT_NAME = "$(TARGET_NAME)";
				SWIFT_EMIT_LOC_STRINGS = YES;
				SWIFT_OBJC_BRIDGING_HEADER = "";
				SWIFT_VERSION = 5.0;
				TARGETED_DEVICE_FAMILY = "1,2";
			};
			name = Release;
		};
/* End XCBuildConfiguration section */

/* Begin XCConfigurationList section */
		A9FC2E382A72ED06009F2BE4 /* Build configuration list for PBXProject "SimpleMusic" */ = {
			isa = XCConfigurationList;
			buildConfigurations = (
				A9FC2E4B2A72ED08009F2BE4 /* Debug */,
				A9FC2E4C2A72ED08009F2BE4 /* Release */,
			);
			defaultConfigurationIsVisible = 0;
			defaultConfigurationName = Release;
		};
		A9FC2E4D2A72ED08009F2BE4 /* Build configuration list for PBXNativeTarget "SimpleMusic" */ = {
			isa = XCConfigurationList;
			buildConfigurations = (
				A9FC2E4E2A72ED08009F2BE4 /* Debug */,
				A9FC2E4F2A72ED08009F2BE4 /* Release */,
			);
			defaultConfigurationIsVisible = 0;
			defaultConfigurationName = Release;
		};
/* End XCConfigurationList section */

/* Begin XCRemoteSwiftPackageReference section */
		A90D569D2A8FF021006E9E41 /* XCRemoteSwiftPackageReference "swift-http-types" */ = {
			isa = XCRemoteSwiftPackageReference;
			repositoryURL = "https://github.com/apple/swift-http-types.git";
			requirement = {
				kind = upToNextMajorVersion;
				minimumVersion = 0.2.1;
			};
		};
		A9E139972A7C3144007F2576 /* XCRemoteSwiftPackageReference "KeychainAccess" */ = {
			isa = XCRemoteSwiftPackageReference;
			repositoryURL = "https://github.com/kishikawakatsumi/KeychainAccess.git";
			requirement = {
				branch = master;
				kind = branch;
			};
		};
/* End XCRemoteSwiftPackageReference section */

/* Begin XCSwiftPackageProductDependency section */
		A90D569E2A8FF021006E9E41 /* HTTPTypes */ = {
			isa = XCSwiftPackageProductDependency;
			package = A90D569D2A8FF021006E9E41 /* XCRemoteSwiftPackageReference "swift-http-types" */;
			productName = HTTPTypes;
		};
		A90D56A02A8FF021006E9E41 /* HTTPTypesFoundation */ = {
			isa = XCSwiftPackageProductDependency;
			package = A90D569D2A8FF021006E9E41 /* XCRemoteSwiftPackageReference "swift-http-types" */;
			productName = HTTPTypesFoundation;
		};
		A9E139982A7C3144007F2576 /* KeychainAccess */ = {
			isa = XCSwiftPackageProductDependency;
			package = A9E139972A7C3144007F2576 /* XCRemoteSwiftPackageReference "KeychainAccess" */;
			productName = KeychainAccess;
		};
/* End XCSwiftPackageProductDependency section */
	};
	rootObject = A9FC2E352A72ED06009F2BE4 /* Project object */;
}
